
Microsoft Visual Studio Solution File, Format Version 12.00
# Visual Studio Version 17
VisualStudioVersion = 17.7.34221.43
MinimumVisualStudioVersion = 10.0.40219.1
Project("{8BC9CEB8-8B4A-11D0-8D11-00A0C91BC942}") = "hwCopyingAndPurchasing", "hwCopyingAndPurchasing\hwCopyingAndPurchasing.vcxproj", "{1FB8DE42-1194-4C53-9D23-C9A419B91257}"
EndProject
Global
	GlobalSection(SolutionConfigurationPlatforms) = preSolution
		Debug|x64 = Debug|x64
		Debug|x86 = Debug|x86
		Release|x64 = Release|x64
		Release|x86 = Release|x86
	EndGlobalSection
	GlobalSection(ProjectConfigurationPlatforms) = postSolution
		{1FB8DE42-1194-4C53-9D23-C9A419B91257}.Debug|x64.ActiveCfg = Debug|x64
		{1FB8DE42-1194-4C53-9D23-C9A419B91257}.Debug|x64.Build.0 = Debug|x64
		{1FB8DE42-1194-4C53-9D23-C9A419B91257}.Debug|x86.ActiveCfg = Debug|Win32
		{1FB8DE42-1194-4C53-9D23-C9A419B91257}.Debug|x86.Build.0 = Debug|Win32
		{1FB8DE42-1194-4C53-9D23-C9A419B91257}.Release|x64.ActiveCfg = Release|x64
		{1FB8DE42-1194-4C53-9D23-C9A419B91257}.Release|x64.Build.0 = Release|x64
		{1FB8DE42-1194-4C53-9D23-C9A419B91257}.Release|x86.ActiveCfg = Release|Win32
		{1FB8DE42-1194-4C53-9D23-C9A419B91257}.Release|x86.Build.0 = Release|Win32
	EndGlobalSection
	GlobalSection(SolutionProperties) = preSolution
		HideSolutionNode = FALSE
	EndGlobalSection
	GlobalSection(ExtensibilityGlobals) = postSolution
		SolutionGuid = {776F1D06-CCB9-4361-9B58-E168C9109E49}
	EndGlobalSection
EndGlobal
